
Microsoft Visual Studio Solution File, Format Version 11.00
# Visual Studio 2010
Project("{8BC9CEB8-8B4A-11D0-8D11-00A0C91BC942}") = "EliteVI_cal_ave_val", "EliteVI_cal_ave_val\EliteVI_cal_ave_val.vcxproj", "{6DA8B7A5-C89A-4310-9101-8D8A6B20A0FD}"
EndProject
Global
	GlobalSection(SolutionConfigurationPlatforms) = preSolution
		Debug|Win32 = Debug|Win32
		Release|Win32 = Release|Win32
	EndGlobalSection
	GlobalSection(ProjectConfigurationPlatforms) = postSolution
		{6DA8B7A5-C89A-4310-9101-8D8A6B20A0FD}.Debug|Win32.ActiveCfg = Debug|Win32
		{6DA8B7A5-C89A-4310-9101-8D8A6B20A0FD}.Debug|Win32.Build.0 = Debug|Win32
		{6DA8B7A5-C89A-4310-9101-8D8A6B20A0FD}.Release|Win32.ActiveCfg = Release|Win32
		{6DA8B7A5-C89A-4310-9101-8D8A6B20A0FD}.Release|Win32.Build.0 = Release|Win32
	EndGlobalSection
	GlobalSection(SolutionProperties) = preSolution
		HideSolutionNode = FALSE
	EndGlobalSection
EndGlobal
